{
  "name": "jhipster",
  "version": "0.0.0",
  "lockfileVersion": 1,
  "requires": true,
  "dependencies": {
    "ngx-konami": {
      "version": "1.4.0",
      "resolved": "https://registry.npmjs.org/ngx-konami/-/ngx-konami-1.4.0.tgz",
      "integrity": "sha1-+hn2DosThVR8iQHs4eCPfojjycM="
    }
  }
}
